{
  "name": "frontend",
  "version": "1.0.0",
  "lockfileVersion": 1,
  "requires": true,
  "dependencies": {
    "bootstrap": {
      "version": "4.5.0",
      "resolved": "https://registry.npmjs.org/bootstrap/-/bootstrap-4.5.0.tgz",
      "integrity": "sha512-Z93QoXvodoVslA+PWNdk23Hze4RBYIkpb5h8I2HY2Tu2h7A0LpAgLcyrhrSUyo2/Oxm2l1fRZPs1e5hnxnliXA=="
    },
    "cross-fetch": {
      "version": "2.1.0",
      "resolved": "https://registry.npmjs.org/cross-fetch/-/cross-fetch-2.1.0.tgz",
      "integrity": "sha512-FTIt2WK44RiafWQ62xIvd+oBoVd392abh1lF872trLlA74JCR1s4oTHlixwoIKy44ehn8WbQ0Ds2P16sw7ZQxg==",
      "requires": {
        "whatwg-fetch": "2.0.3"
      },
      "dependencies": {
        "node-fetch": {
          "version": "3.1.0",
          "resolved": "https://registry.npmjs.org/node-fetch/-/node-fetch-3.1.0.tgz",
          "integrity": "sha512-QU0WbIfMUjd5+MUzQOYhenAazakV7Irh1SGkWCsRzBwvm4fAhzEUaHMJ6QLP7gWT6WO9/oH2zhKMMGMuIrDyKw==",
          "requires": {
            "data-uri-to-buffer": "^4.0.0",
            "fetch-blob": "^3.1.2",
            "formdata-polyfill": "^4.0.10"
          }
        }
      }
    },
    "popper.js": {
      "version": "1.16.0",
      "resolved": "https://registry.npmjs.org/popper.js/-/popper.js-1.16.0.tgz",
      "integrity": "sha512-+G+EkOPoE5S/zChTpmBSSDYmhXJ5PsW8eMhH8cP/CQHMFPBG/kC9Y5IIw6qNYgdJ+/COf0ddY2li28iHaZRSjw=="
    },
    "whatwg-fetch": {
      "version": "2.0.3",
      "resolved": "https://registry.npmjs.org/whatwg-fetch/-/whatwg-fetch-2.0.3.tgz",
      "integrity": "sha1-nITsLc9oGH/wC8ZOEnS0QhduHIQ="
    }
  }
}
